
Microsoft Visual Studio Solution File, Format Version 12.00
# Visual Studio 14
VisualStudioVersion = 14.0.24720.0
MinimumVisualStudioVersion = 10.0.40219.1
Project("{CC5FD16D-436D-48AD-A40C-5A424C6E3E79}") = "CloudTaskManger", "CloudTaskManger\CloudTaskManger.ccproj", "{A864EFC1-2545-41E5-8940-25BBC45AB9FD}"
EndProject
Project("{FAE04EC0-301F-11D3-BF4B-00C04F79EFBC}") = "TMWebRole", "TMWebRole\TMWebRole.csproj", "{8244B819-CA06-46CB-B371-00845BC030D7}"
EndProject
Project("{FAE04EC0-301F-11D3-BF4B-00C04F79EFBC}") = "TMWorkerRole", "TMWorkerRole\TMWorkerRole.csproj", "{ECE82975-D21F-4A54-AD9B-4ECF1EDAAE85}"
EndProject
Global
	GlobalSection(SolutionConfigurationPlatforms) = preSolution
		Debug|Any CPU = Debug|Any CPU
		Release|Any CPU = Release|Any CPU
	EndGlobalSection
	GlobalSection(ProjectConfigurationPlatforms) = postSolution
		{A864EFC1-2545-41E5-8940-25BBC45AB9FD}.Debug|Any CPU.ActiveCfg = Debug|Any CPU
		{A864EFC1-2545-41E5-8940-25BBC45AB9FD}.Debug|Any CPU.Build.0 = Debug|Any CPU
		{A864EFC1-2545-41E5-8940-25BBC45AB9FD}.Release|Any CPU.ActiveCfg = Release|Any CPU
		{A864EFC1-2545-41E5-8940-25BBC45AB9FD}.Release|Any CPU.Build.0 = Release|Any CPU
		{8244B819-CA06-46CB-B371-00845BC030D7}.Debug|Any CPU.ActiveCfg = Debug|Any CPU
		{8244B819-CA06-46CB-B371-00845BC030D7}.Debug|Any CPU.Build.0 = Debug|Any CPU
		{8244B819-CA06-46CB-B371-00845BC030D7}.Release|Any CPU.ActiveCfg = Release|Any CPU
		{8244B819-CA06-46CB-B371-00845BC030D7}.Release|Any CPU.Build.0 = Release|Any CPU
		{ECE82975-D21F-4A54-AD9B-4ECF1EDAAE85}.Debug|Any CPU.ActiveCfg = Debug|Any CPU
		{ECE82975-D21F-4A54-AD9B-4ECF1EDAAE85}.Debug|Any CPU.Build.0 = Debug|Any CPU
		{ECE82975-D21F-4A54-AD9B-4ECF1EDAAE85}.Release|Any CPU.ActiveCfg = Release|Any CPU
		{ECE82975-D21F-4A54-AD9B-4ECF1EDAAE85}.Release|Any CPU.Build.0 = Release|Any CPU
	EndGlobalSection
	GlobalSection(SolutionProperties) = preSolution
		HideSolutionNode = FALSE
	EndGlobalSection
	GlobalSection(TeamFoundationVersionControl) = preSolution
		SccNumberOfProjects = 4
		SccEnterpriseProvider = {4CA58AB2-18FA-4F8D-95D4-32DDF27D184C}
		SccTeamFoundationServer = https://pacan.visualstudio.com/defaultcollection
		SccLocalPath0 = .
		SccProjectUniqueName1 = CloudTaskManger\\CloudTaskManger.ccproj
		SccProjectName1 = CloudTaskManger
		SccLocalPath1 = CloudTaskManger
		SccProjectUniqueName2 = TMWebRole\\TMWebRole.csproj
		SccProjectName2 = TMWebRole
		SccLocalPath2 = TMWebRole
		SccProjectUniqueName3 = TMWorkerRole\\TMWorkerRole.csproj
		SccProjectName3 = TMWorkerRole
		SccLocalPath3 = TMWorkerRole
	EndGlobalSection
EndGlobal
